
Microsoft Visual Studio Solution File, Format Version 12.00
# Visual Studio Version 16
VisualStudioVersion = 16.0.30204.135
MinimumVisualStudioVersion = 10.0.40219.1
Project("{8BC9CEB8-8B4A-11D0-8D11-00A0C91BC942}") = "client", "client.vcxproj", "{E04EF9A2-328D-4979-9701-ECC9AAAAEB37}"
EndProject
Global
	GlobalSection(SolutionConfigurationPlatforms) = preSolution
		Debug|x64 = Debug|x64
		Release|x64 = Release|x64
	EndGlobalSection
	GlobalSection(ProjectConfigurationPlatforms) = postSolution
		{E04EF9A2-328D-4979-9701-ECC9AAAAEB37}.Debug|x64.ActiveCfg = Debug|x64
		{E04EF9A2-328D-4979-9701-ECC9AAAAEB37}.Debug|x64.Build.0 = Debug|x64
		{E04EF9A2-328D-4979-9701-ECC9AAAAEB37}.Release|x64.ActiveCfg = Release|x64
		{E04EF9A2-328D-4979-9701-ECC9AAAAEB37}.Release|x64.Build.0 = Release|x64
	EndGlobalSection
	GlobalSection(SolutionProperties) = preSolution
		HideSolutionNode = FALSE
	EndGlobalSection
	GlobalSection(ExtensibilityGlobals) = postSolution
		SolutionGuid = {66C67107-8F07-4344-A175-37D64E5599A2}
	EndGlobalSection
EndGlobal
