<?xml version="1.0" encoding="utf-8"?>
<Project xmlns="http://schemas.microsoft.com/developer/msbuild/2003">
  <ItemGroup>
    <Filter Include="Generated Files">
      <UniqueIdentifier>{71ED8ED8-ACB9-4CE9-BBE1-E00B30144E11}</UniqueIdentifier>
      <Extensions>cpp;c;cxx;moc;h;def;odl;idl;res;</Extensions>
    </Filter>
    <Filter Include="Generated Files">
      <UniqueIdentifier>{71ED8ED8-ACB9-4CE9-BBE1-E00B30144E11}</UniqueIdentifier>
      <Extensions>cpp;c;cxx;moc;h;def;odl;idl;res;</Extensions>
    </Filter>
    <Filter Include="Resource Files">
      <UniqueIdentifier>{D9D6E242-F8AF-46E4-B9FD-80ECBC20BA3E}</UniqueIdentifier>
      <Extensions>qrc;*</Extensions>
      <ParseFiles>false</ParseFiles>
    </Filter>
    <Filter Include="Resource Files">
      <UniqueIdentifier>{D9D6E242-F8AF-46E4-B9FD-80ECBC20BA3E}</UniqueIdentifier>
      <Extensions>qrc;*</Extensions>
      <ParseFiles>false</ParseFiles>
    </Filter>
    <Filter Include="Source Files">
      <UniqueIdentifier>{4FC737F1-C7A5-4376-A066-2A32D752A2FF}</UniqueIdentifier>
      <Extensions>cpp;c;cxx;def;odl;idl;hpj;bat;asm;asmx</Extensions>
    </Filter>
    <Filter Include="Source Files">
      <UniqueIdentifier>{4FC737F1-C7A5-4376-A066-2A32D752A2FF}</UniqueIdentifier>
      <Extensions>cpp;c;cxx;def;odl;idl;hpj;bat;asm;asmx</Extensions>
    </Filter>
    <Filter Include="Distribution Files">
      <UniqueIdentifier>{B83CAF91-C7BF-462F-B76C-EA11631F866C}</UniqueIdentifier>
      <Extensions>*</Extensions>
      <ParseFiles>false</ParseFiles>
    </Filter>
    <Filter Include="Distribution Files">
      <UniqueIdentifier>{B83CAF91-C7BF-462F-B76C-EA11631F866C}</UniqueIdentifier>
      <Extensions>*</Extensions>
      <ParseFiles>false</ParseFiles>
    </Filter>
    <Filter Include="vendor">
      <UniqueIdentifier>{b23f7348-680c-4b15-8d61-a090b39f3530}</UniqueIdentifier>
    </Filter>
    <Filter Include="vendor\qhotkey">
      <UniqueIdentifier>{a36aadd4-2fe5-4730-9189-476c99ce6d3a}</UniqueIdentifier>
    </Filter>
    <Filter Include="vendor\qhotkey\Sources">
      <UniqueIdentifier>{5ee325e2-201f-4d1f-9ad3-9bddb89dadb2}</UniqueIdentifier>
    </Filter>
    <Filter Include="vendor\qhotkey\Header">
      <UniqueIdentifier>{3e9aba06-62f6-4ba9-aaf6-c57212c9412c}</UniqueIdentifier>
    </Filter>
    <Filter Include="Header Files">
      <UniqueIdentifier>{93995380-89BD-4b04-88EB-625FBE52EBFB}</UniqueIdentifier>
      <Extensions>h;hh;hpp;hxx;hm;inl;inc;xsd</Extensions>
      <ParseFiles>true</ParseFiles>
    </Filter>
    <Filter Include="Resource Files\assets">
      <UniqueIdentifier>{64548f7d-6ec6-4964-b987-5d4c3a2b8b40}</UniqueIdentifier>
    </Filter>
    <Filter Include="qml">
      <UniqueIdentifier>{cccccda3-0ee9-4e55-87a4-4e9ea60787bb}</UniqueIdentifier>
    </Filter>
  </ItemGroup>
  <ItemGroup>
    <ClCompile Include="vendor\de\skycoder42\qhotkey\QHotkey\qhotkey.cpp">
      <Filter>vendor\qhotkey\Sources</Filter>
    </ClCompile>
    <ClCompile Include="vendor\de\skycoder42\qhotkey\QHotkey\qhotkey_win.cpp">
      <Filter>vendor\qhotkey\Sources</Filter>
    </ClCompile>
    <ClCompile Include="hotkeymanager.cpp">
      <Filter>Source Files</Filter>
    </ClCompile>
    <ClCompile Include="main.cpp">
      <Filter>Source Files</Filter>
    </ClCompile>
    <ClCompile Include="messenger.cpp">
      <Filter>Source Files</Filter>
    </ClCompile>
    <ClCompile Include="receiverworker.cpp">
      <Filter>Source Files</Filter>
    </ClCompile>
  </ItemGroup>
  <ItemGroup>
    <CustomBuild Include="GeneratedFiles\moc_predefs.h.cbt">
      <Filter>Generated Files</Filter>
    </CustomBuild>
  </ItemGroup>
  <ItemGroup>
    <QtRcc Include="qml.qrc">
      <Filter>Resource Files</Filter>
    </QtRcc>
    <None Include="vendor\de\skycoder42\qhotkey\QHotkey\QHotkey">
      <Filter>vendor\qhotkey\Header</Filter>
    </None>
  </ItemGroup>
  <ItemGroup>
    <QtMoc Include="vendor\de\skycoder42\qhotkey\QHotkey\qhotkey.h">
      <Filter>vendor\qhotkey\Header</Filter>
    </QtMoc>
    <QtMoc Include="vendor\de\skycoder42\qhotkey\QHotkey\qhotkey_p.h">
      <Filter>vendor\qhotkey\Header</Filter>
    </QtMoc>
    <QtMoc Include="messenger.h">
      <Filter>Header Files</Filter>
    </QtMoc>
    <QtMoc Include="hotkeymanager.h">
      <Filter>Header Files</Filter>
    </QtMoc>
    <QtMoc Include="receiverworker.h">
      <Filter>Header Files</Filter>
    </QtMoc>
  </ItemGroup>
  <ItemGroup>
    <None Include="QML\ActionMenu.qml">
      <Filter>qml</Filter>
    </None>
    <None Include="QML\Hotkeys.js">
      <Filter>qml</Filter>
    </None>
    <None Include="QML\Hotkeys.qml">
      <Filter>qml</Filter>
    </None>
    <None Include="QML\Key.js">
      <Filter>qml</Filter>
    </None>
    <None Include="QML\Key.qml">
      <Filter>qml</Filter>
    </None>
    <None Include="QML\KeyboardLayout_EU_QWERTY.qml">
      <Filter>qml</Filter>
    </None>
    <None Include="QML\main.qml">
      <Filter>qml</Filter>
    </None>
    <None Include="QML\Spacer.qml">
      <Filter>qml</Filter>
    </None>
    <None Include="QML\TextConstants.qml">
      <Filter>qml</Filter>
    </None>
  </ItemGroup>
  <ItemGroup>
    <Image Include="assets\icon.png">
      <Filter>Resource Files\assets</Filter>
    </Image>
    <Image Include="assets\icon_black.png">
      <Filter>Resource Files\assets</Filter>
    </Image>
  </ItemGroup>
</Project>